
Microsoft Visual Studio Solution File, Format Version 12.00
# Visual Studio Version 17
VisualStudioVersion = 17.10.35122.118
MinimumVisualStudioVersion = 10.0.40219.1
Project("{9A19103F-16F7-4668-BE54-9A1E7A4F7556}") = "TarkinItemExporter", "TarkinItemExporter.csproj", "{90D9D9C4-7E6B-443D-B227-420C19F4497A}"
	ProjectSection(ProjectDependencies) = postProject
		{028D39E0-A7A7-48F2-821B-E12372909430} = {028D39E0-A7A7-48F2-821B-E12372909430}
		{8AF9BBF7-69DA-4B13-A615-F117F6680FCD} = {8AF9BBF7-69DA-4B13-A615-F117F6680FCD}
	EndProjectSection
EndProject
Project("{9A19103F-16F7-4668-BE54-9A1E7A4F7556}") = "GLTF_EFTMaterialExportPlugin", "..\GLTF_EFTMaterialExportPlugin\GLTF_EFTMaterialExportPlugin.csproj", "{8AF9BBF7-69DA-4B13-A615-F117F6680FCD}"
EndProject
Project("{9A19103F-16F7-4668-BE54-9A1E7A4F7556}") = "UnityGLTF", "..\bmpq-UnityGLTF\Runtime\UnityGLTF.csproj", "{028D39E0-A7A7-48F2-821B-E12372909430}"
EndProject
Global
	GlobalSection(SolutionConfigurationPlatforms) = preSolution
		RUNTIME|Any CPU = RUNTIME|Any CPU
		UNITY_EDITOR|Any CPU = UNITY_EDITOR|Any CPU
	EndGlobalSection
	GlobalSection(ProjectConfigurationPlatforms) = postSolution
		{90D9D9C4-7E6B-443D-B227-420C19F4497A}.RUNTIME|Any CPU.ActiveCfg = RUNTIME|Any CPU
		{90D9D9C4-7E6B-443D-B227-420C19F4497A}.RUNTIME|Any CPU.Build.0 = RUNTIME|Any CPU
		{90D9D9C4-7E6B-443D-B227-420C19F4497A}.UNITY_EDITOR|Any CPU.ActiveCfg = RUNTIME|Any CPU
		{8AF9BBF7-69DA-4B13-A615-F117F6680FCD}.RUNTIME|Any CPU.ActiveCfg = RUNTIME|Any CPU
		{8AF9BBF7-69DA-4B13-A615-F117F6680FCD}.RUNTIME|Any CPU.Build.0 = RUNTIME|Any CPU
		{8AF9BBF7-69DA-4B13-A615-F117F6680FCD}.UNITY_EDITOR|Any CPU.ActiveCfg = UNITY_EDITOR|Any CPU
		{8AF9BBF7-69DA-4B13-A615-F117F6680FCD}.UNITY_EDITOR|Any CPU.Build.0 = UNITY_EDITOR|Any CPU
		{028D39E0-A7A7-48F2-821B-E12372909430}.RUNTIME|Any CPU.ActiveCfg = RUNTIME|Any CPU
		{028D39E0-A7A7-48F2-821B-E12372909430}.RUNTIME|Any CPU.Build.0 = RUNTIME|Any CPU
		{028D39E0-A7A7-48F2-821B-E12372909430}.UNITY_EDITOR|Any CPU.ActiveCfg = UNITY_EDITOR|Any CPU
		{028D39E0-A7A7-48F2-821B-E12372909430}.UNITY_EDITOR|Any CPU.Build.0 = UNITY_EDITOR|Any CPU
	EndGlobalSection
	GlobalSection(SolutionProperties) = preSolution
		HideSolutionNode = FALSE
	EndGlobalSection
	GlobalSection(ExtensibilityGlobals) = postSolution
		SolutionGuid = {2EE431BA-79E2-45BF-902F-41DB9CAF2924}
	EndGlobalSection
EndGlobal
